Microsoft Visual Studio Solution File, Format Version 12.00
# Visual Studio Version 17
VisualStudioVersion = 17.5.2.0
MinimumVisualStudioVersion = 10.0.40219.1
Project("{FAE04EC0-301F-11D3-BF4B-00C04F79EFBC}") = "ApiEmpresas", "ApiEmpresas.csproj", "{AAD0C0FF-38FF-422B-2D77-32A0A12FB95C}"
EndProject
Global
	GlobalSection(SolutionConfigurationPlatforms) = preSolution
		Debug|Any CPU = Debug|Any CPU
		Release|Any CPU = Release|Any CPU
	EndGlobalSection
	GlobalSection(ProjectConfigurationPlatforms) = postSolution
		{AAD0C0FF-38FF-422B-2D77-32A0A12FB95C}.Debug|Any CPU.ActiveCfg = Debug|Any CPU
		{AAD0C0FF-38FF-422B-2D77-32A0A12FB95C}.Debug|Any CPU.Build.0 = Debug|Any CPU
		{AAD0C0FF-38FF-422B-2D77-32A0A12FB95C}.Release|Any CPU.ActiveCfg = Release|Any CPU
		{AAD0C0FF-38FF-422B-2D77-32A0A12FB95C}.Release|Any CPU.Build.0 = Release|Any CPU
	EndGlobalSection
	GlobalSection(SolutionProperties) = preSolution
		HideSolutionNode = FALSE
	EndGlobalSection
	GlobalSection(ExtensibilityGlobals) = postSolution
		SolutionGuid = {375A12A9-EDE3-4A6C-99A2-DED075867DE2}
	EndGlobalSection
EndGlobal
